
Microsoft Visual Studio Solution File, Format Version 12.00
Project("{FAE04EC0-301F-11D3-BF4B-00C04F79EFBC}") = "FiringRateCalculator", "FiringRateCalculator\FiringRateCalculator.csproj", "{755F8EFF-C78C-4CC4-B12A-5B32AF956174}"
EndProject
Global
	GlobalSection(SolutionConfigurationPlatforms) = preSolution
		Debug|Any CPU = Debug|Any CPU
		Release|Any CPU = Release|Any CPU
	EndGlobalSection
	GlobalSection(ProjectConfigurationPlatforms) = postSolution
		{755F8EFF-C78C-4CC4-B12A-5B32AF956174}.Debug|Any CPU.ActiveCfg = Debug|Any CPU
		{755F8EFF-C78C-4CC4-B12A-5B32AF956174}.Debug|Any CPU.Build.0 = Debug|Any CPU
		{755F8EFF-C78C-4CC4-B12A-5B32AF956174}.Release|Any CPU.ActiveCfg = Release|Any CPU
		{755F8EFF-C78C-4CC4-B12A-5B32AF956174}.Release|Any CPU.Build.0 = Release|Any CPU
	EndGlobalSection
EndGlobal
